
Microsoft Visual Studio Solution File, Format Version 12.00
# Visual Studio Version 17
VisualStudioVersion = 17.2.32519.379
MinimumVisualStudioVersion = 10.0.40219.1
Project("{FAE04EC0-301F-11D3-BF4B-00C04F79EFBC}") = "Inventario Steris", "Inventario Steris\Inventario Steris.csproj", "{289659DA-8E30-4C91-B096-CAEFCE84F651}"
EndProject
Global
	GlobalSection(SolutionConfigurationPlatforms) = preSolution
		Debug|Any CPU = Debug|Any CPU
		Release|Any CPU = Release|Any CPU
	EndGlobalSection
	GlobalSection(ProjectConfigurationPlatforms) = postSolution
		{289659DA-8E30-4C91-B096-CAEFCE84F651}.Debug|Any CPU.ActiveCfg = Debug|Any CPU
		{289659DA-8E30-4C91-B096-CAEFCE84F651}.Debug|Any CPU.Build.0 = Debug|Any CPU
		{289659DA-8E30-4C91-B096-CAEFCE84F651}.Release|Any CPU.ActiveCfg = Release|Any CPU
		{289659DA-8E30-4C91-B096-CAEFCE84F651}.Release|Any CPU.Build.0 = Release|Any CPU
	EndGlobalSection
	GlobalSection(SolutionProperties) = preSolution
		HideSolutionNode = FALSE
	EndGlobalSection
	GlobalSection(ExtensibilityGlobals) = postSolution
		SolutionGuid = {A97E1B6B-4053-4106-86BB-D41BAB6CF2C2}
	EndGlobalSection
EndGlobal
